<?xml version="1.0" encoding="utf-8"?>
<Project ToolsVersion="4.0" xmlns="http://schemas.microsoft.com/developer/msbuild/2003">
  <ItemGroup>
    <Filter Include="ThreadpoolCallbackObject">
      <UniqueIdentifier>{c46e216e-522f-456e-b43f-48238a54b0ad}</UniqueIdentifier>
    </Filter>
    <Filter Include="ThreadpoolCallbackObject\ThreadpoolCallbackWork">
      <UniqueIdentifier>{788bc018-7d00-44d6-aff3-40a89a4869c0}</UniqueIdentifier>
    </Filter>
    <Filter Include="ThreadpoolCallbackObject\ThreadpoolCallbackWait">
      <UniqueIdentifier>{535bd7a6-2960-4e9e-aa16-e3b13de868d6}</UniqueIdentifier>
    </Filter>
    <Filter Include="ThreadpoolCallbackObject\ThreadpoolCallbackIo">
      <UniqueIdentifier>{b9d8d532-a189-4ccc-b55f-7b2d033c10e6}</UniqueIdentifier>
    </Filter>
    <Filter Include="ThreadpoolCallbackObject\ThreadpoolCallbackTimer">
      <UniqueIdentifier>{787f7e4f-c46d-468f-a21c-c0f3711c65e5}</UniqueIdentifier>
    </Filter>
    <Filter Include="ThreadpoolGroupManager">
      <UniqueIdentifier>{2bc4c681-16c1-4e2b-97e6-8fb56122c6da}</UniqueIdentifier>
    </Filter>
    <Filter Include="Utilities">
      <UniqueIdentifier>{0bac2fa7-e1b5-4e76-9cb2-77c6732a730e}</UniqueIdentifier>
    </Filter>
    <Filter Include="Include">
      <UniqueIdentifier>{80b8dea7-0924-4f75-899f-c68fe2ad7a72}</UniqueIdentifier>
    </Filter>
    <Filter Include="Export">
      <UniqueIdentifier>{428ce5c8-dc6e-498b-9a1e-fc495fcdf345}</UniqueIdentifier>
    </Filter>
    <Filter Include="Common">
      <UniqueIdentifier>{ab972bf6-f2a6-412b-ae6e-6774135b168b}</UniqueIdentifier>
    </Filter>
  </ItemGroup>
  <ItemGroup>
    <ClInclude Include="ThreadpoolCallbackObject\ThreadpoolCallbackObject.h">
      <Filter>ThreadpoolCallbackObject</Filter>
    </ClInclude>
    <ClInclude Include="ThreadpoolCallbackObject\ThreadpoolCallbackWork\ThreadpoolCallbackWork.h">
      <Filter>ThreadpoolCallbackObject\ThreadpoolCallbackWork</Filter>
    </ClInclude>
    <ClInclude Include="ThreadpoolCallbackObject\ThreadpoolCallbackWait\ThreadpoolCallbackWait.h">
      <Filter>ThreadpoolCallbackObject\ThreadpoolCallbackWait</Filter>
    </ClInclude>
    <ClInclude Include="ThreadpoolCallbackObject\ThreadpoolCallbackIo\ThreadpoolCallbackIo.h">
      <Filter>ThreadpoolCallbackObject\ThreadpoolCallbackIo</Filter>
    </ClInclude>
    <ClInclude Include="ThreadpoolCallbackObject\ThreadpoolCallbackTimer\ThreadpoolCallbackTimer.h">
      <Filter>ThreadpoolCallbackObject\ThreadpoolCallbackTimer</Filter>
    </ClInclude>
    <ClInclude Include="Utilities\Utilities.h">
      <Filter>Utilities</Filter>
    </ClInclude>
    <ClInclude Include="Include\ExportCommon.h">
      <Filter>Include</Filter>
    </ClInclude>
    <ClInclude Include="ThreadpoolGroupManager\ThreadpoolGroupManager.h">
      <Filter>ThreadpoolGroupManager</Filter>
    </ClInclude>
    <ClInclude Include="Include\ThreadpoolCallbackWorkWrapper.h">
      <Filter>Include</Filter>
    </ClInclude>
    <ClInclude Include="Include\ThreadpoolCallbackWaitWrapper.h">
      <Filter>Include</Filter>
    </ClInclude>
    <ClInclude Include="Include\ThreadpoolCallbackTimerWrapper.h">
      <Filter>Include</Filter>
    </ClInclude>
    <ClInclude Include="Include\ThreadpoolCallbackIoWrapper.h">
      <Filter>Include</Filter>
    </ClInclude>
    <ClInclude Include="Common\Common.h">
      <Filter>Common</Filter>
    </ClInclude>
  </ItemGroup>
  <ItemGroup>
    <ClCompile Include="ThreadpoolCallbackObject\ThreadpoolCallbackWork\ThreadpoolCallbackWork.cpp">
      <Filter>ThreadpoolCallbackObject\ThreadpoolCallbackWork</Filter>
    </ClCompile>
    <ClCompile Include="ThreadpoolCallbackObject\ThreadpoolCallbackWait\ThreadpoolCallbackWait.cpp">
      <Filter>ThreadpoolCallbackObject\ThreadpoolCallbackWait</Filter>
    </ClCompile>
    <ClCompile Include="ThreadpoolCallbackObject\ThreadpoolCallbackIo\ThreadpoolCallbackIo.cpp">
      <Filter>ThreadpoolCallbackObject\ThreadpoolCallbackIo</Filter>
    </ClCompile>
    <ClCompile Include="ThreadpoolCallbackObject\ThreadpoolCallbackTimer\ThreadpoolCallbackTimer.cpp">
      <Filter>ThreadpoolCallbackObject\ThreadpoolCallbackTimer</Filter>
    </ClCompile>
    <ClCompile Include="Utilities\Utilities.cpp">
      <Filter>Utilities</Filter>
    </ClCompile>
    <ClCompile Include="ThreadpoolGroupManager\ThreadpoolGroupManager.cpp">
      <Filter>ThreadpoolGroupManager</Filter>
    </ClCompile>
    <ClCompile Include="Export\ThreadpoolCallbackIoWrapper.cpp">
      <Filter>Export</Filter>
    </ClCompile>
    <ClCompile Include="Export\ThreadpoolCallbackTimerWrapper.cpp">
      <Filter>Export</Filter>
    </ClCompile>
    <ClCompile Include="Export\ThreadpoolCallbackWaitWrapper.cpp">
      <Filter>Export</Filter>
    </ClCompile>
    <ClCompile Include="Export\ThreadpoolCallbackWorkWrapper.cpp">
      <Filter>Export</Filter>
    </ClCompile>
  </ItemGroup>
  <ItemGroup>
    <None Include="ThreadpoolCallbackObject\ThreadpoolCallbackObject.inl">
      <Filter>ThreadpoolCallbackObject</Filter>
    </None>
    <None Include="ExportCommon.inl">
      <Filter>Export</Filter>
    </None>
  </ItemGroup>
</Project>